
Microsoft Visual Studio Solution File, Format Version 12.00
# Visual Studio 15
VisualStudioVersion = 15.0.26124.0
MinimumVisualStudioVersion = 15.0.26124.0
Project("{2150E333-8FDC-42A3-9474-1A3956D46DE8}") = "src", "src", "{B3ABFA38-EF1C-4272-8FF6-955603B76D08}"
EndProject
Project("{FAE04EC0-301F-11D3-BF4B-00C04F79EFBC}") = "TRDependencyInjection.Core", "src\Core\TRDependencyInjection.Core.csproj", "{CAD3D9E0-43E2-4F42-9614-372A9FE0AD54}"
EndProject
Project("{FAE04EC0-301F-11D3-BF4B-00C04F79EFBC}") = "TRDependencyInjection.Extensions", "src\Extensions\TRDependencyInjection.Extensions.csproj", "{759BB9ED-38C7-40B7-BEB1-7016880ADC3D}"
EndProject
Project("{2150E333-8FDC-42A3-9474-1A3956D46DE8}") = "tests", "tests", "{BD466406-A049-4A74-AFAB-0D89DCDDB27B}"
EndProject
Project("{FAE04EC0-301F-11D3-BF4B-00C04F79EFBC}") = "TRDependencyInjection.Extensions.Tests", "tests\Extensions\TRDependencyInjection.Extensions.Tests.csproj", "{3D52C69A-99AB-4C6C-85CF-2D15CF6D0171}"
EndProject
Global
	GlobalSection(SolutionConfigurationPlatforms) = preSolution
		Debug|Any CPU = Debug|Any CPU
		Debug|x64 = Debug|x64
		Debug|x86 = Debug|x86
		Release|Any CPU = Release|Any CPU
		Release|x64 = Release|x64
		Release|x86 = Release|x86
	EndGlobalSection
	GlobalSection(SolutionProperties) = preSolution
		HideSolutionNode = FALSE
	EndGlobalSection
	GlobalSection(ProjectConfigurationPlatforms) = postSolution
		{CAD3D9E0-43E2-4F42-9614-372A9FE0AD54}.Debug|Any CPU.ActiveCfg = Debug|Any CPU
		{CAD3D9E0-43E2-4F42-9614-372A9FE0AD54}.Debug|Any CPU.Build.0 = Debug|Any CPU
		{CAD3D9E0-43E2-4F42-9614-372A9FE0AD54}.Debug|x64.ActiveCfg = Debug|Any CPU
		{CAD3D9E0-43E2-4F42-9614-372A9FE0AD54}.Debug|x64.Build.0 = Debug|Any CPU
		{CAD3D9E0-43E2-4F42-9614-372A9FE0AD54}.Debug|x86.ActiveCfg = Debug|Any CPU
		{CAD3D9E0-43E2-4F42-9614-372A9FE0AD54}.Debug|x86.Build.0 = Debug|Any CPU
		{CAD3D9E0-43E2-4F42-9614-372A9FE0AD54}.Release|Any CPU.ActiveCfg = Release|Any CPU
		{CAD3D9E0-43E2-4F42-9614-372A9FE0AD54}.Release|Any CPU.Build.0 = Release|Any CPU
		{CAD3D9E0-43E2-4F42-9614-372A9FE0AD54}.Release|x64.ActiveCfg = Release|Any CPU
		{CAD3D9E0-43E2-4F42-9614-372A9FE0AD54}.Release|x64.Build.0 = Release|Any CPU
		{CAD3D9E0-43E2-4F42-9614-372A9FE0AD54}.Release|x86.ActiveCfg = Release|Any CPU
		{CAD3D9E0-43E2-4F42-9614-372A9FE0AD54}.Release|x86.Build.0 = Release|Any CPU
		{759BB9ED-38C7-40B7-BEB1-7016880ADC3D}.Debug|Any CPU.ActiveCfg = Debug|Any CPU
		{759BB9ED-38C7-40B7-BEB1-7016880ADC3D}.Debug|Any CPU.Build.0 = Debug|Any CPU
		{759BB9ED-38C7-40B7-BEB1-7016880ADC3D}.Debug|x64.ActiveCfg = Debug|Any CPU
		{759BB9ED-38C7-40B7-BEB1-7016880ADC3D}.Debug|x64.Build.0 = Debug|Any CPU
		{759BB9ED-38C7-40B7-BEB1-7016880ADC3D}.Debug|x86.ActiveCfg = Debug|Any CPU
		{759BB9ED-38C7-40B7-BEB1-7016880ADC3D}.Debug|x86.Build.0 = Debug|Any CPU
		{759BB9ED-38C7-40B7-BEB1-7016880ADC3D}.Release|Any CPU.ActiveCfg = Release|Any CPU
		{759BB9ED-38C7-40B7-BEB1-7016880ADC3D}.Release|Any CPU.Build.0 = Release|Any CPU
		{759BB9ED-38C7-40B7-BEB1-7016880ADC3D}.Release|x64.ActiveCfg = Release|Any CPU
		{759BB9ED-38C7-40B7-BEB1-7016880ADC3D}.Release|x64.Build.0 = Release|Any CPU
		{759BB9ED-38C7-40B7-BEB1-7016880ADC3D}.Release|x86.ActiveCfg = Release|Any CPU
		{759BB9ED-38C7-40B7-BEB1-7016880ADC3D}.Release|x86.Build.0 = Release|Any CPU
		{3D52C69A-99AB-4C6C-85CF-2D15CF6D0171}.Debug|Any CPU.ActiveCfg = Debug|Any CPU
		{3D52C69A-99AB-4C6C-85CF-2D15CF6D0171}.Debug|Any CPU.Build.0 = Debug|Any CPU
		{3D52C69A-99AB-4C6C-85CF-2D15CF6D0171}.Debug|x64.ActiveCfg = Debug|Any CPU
		{3D52C69A-99AB-4C6C-85CF-2D15CF6D0171}.Debug|x64.Build.0 = Debug|Any CPU
		{3D52C69A-99AB-4C6C-85CF-2D15CF6D0171}.Debug|x86.ActiveCfg = Debug|Any CPU
		{3D52C69A-99AB-4C6C-85CF-2D15CF6D0171}.Debug|x86.Build.0 = Debug|Any CPU
		{3D52C69A-99AB-4C6C-85CF-2D15CF6D0171}.Release|Any CPU.ActiveCfg = Release|Any CPU
		{3D52C69A-99AB-4C6C-85CF-2D15CF6D0171}.Release|Any CPU.Build.0 = Release|Any CPU
		{3D52C69A-99AB-4C6C-85CF-2D15CF6D0171}.Release|x64.ActiveCfg = Release|Any CPU
		{3D52C69A-99AB-4C6C-85CF-2D15CF6D0171}.Release|x64.Build.0 = Release|Any CPU
		{3D52C69A-99AB-4C6C-85CF-2D15CF6D0171}.Release|x86.ActiveCfg = Release|Any CPU
		{3D52C69A-99AB-4C6C-85CF-2D15CF6D0171}.Release|x86.Build.0 = Release|Any CPU
	EndGlobalSection
	GlobalSection(NestedProjects) = preSolution
		{CAD3D9E0-43E2-4F42-9614-372A9FE0AD54} = {B3ABFA38-EF1C-4272-8FF6-955603B76D08}
		{759BB9ED-38C7-40B7-BEB1-7016880ADC3D} = {B3ABFA38-EF1C-4272-8FF6-955603B76D08}
		{3D52C69A-99AB-4C6C-85CF-2D15CF6D0171} = {BD466406-A049-4A74-AFAB-0D89DCDDB27B}
	EndGlobalSection
EndGlobal
